
Microsoft Visual Studio Solution File, Format Version 12.00
Project("{FAE04EC0-301F-11D3-BF4B-00C04F79EFBC}") = "VulkanEngine", "VulkanEngine\VulkanEngine.csproj", "{86FD812E-5E34-484E-9CB8-DE56A79BBA88}"
EndProject
Project("{FAE04EC0-301F-11D3-BF4B-00C04F79EFBC}") = "SourceGen", "SourceGen\SourceGen.csproj", "{42169033-0DDF-48C9-99F0-41DF0CC11D36}"
EndProject
Global
	GlobalSection(SolutionConfigurationPlatforms) = preSolution
		Debug|Any CPU = Debug|Any CPU
		Debug|Mac = Debug|Mac
		Release|Any CPU = Release|Any CPU
		Release|Mac = Release|Mac
	EndGlobalSection
	GlobalSection(ProjectConfigurationPlatforms) = postSolution
		{86FD812E-5E34-484E-9CB8-DE56A79BBA88}.Debug|Any CPU.ActiveCfg = Debug|Any CPU
		{86FD812E-5E34-484E-9CB8-DE56A79BBA88}.Debug|Any CPU.Build.0 = Debug|Any CPU
		{86FD812E-5E34-484E-9CB8-DE56A79BBA88}.Release|Any CPU.ActiveCfg = Release|Any CPU
		{86FD812E-5E34-484E-9CB8-DE56A79BBA88}.Release|Any CPU.Build.0 = Release|Any CPU
		{86FD812E-5E34-484E-9CB8-DE56A79BBA88}.Debug|Mac.ActiveCfg = Debug|Mac
		{86FD812E-5E34-484E-9CB8-DE56A79BBA88}.Debug|Mac.Build.0 = Debug|Mac
		{86FD812E-5E34-484E-9CB8-DE56A79BBA88}.Release|Mac.ActiveCfg = Release|Mac
		{86FD812E-5E34-484E-9CB8-DE56A79BBA88}.Release|Mac.Build.0 = Release|Mac
		{42169033-0DDF-48C9-99F0-41DF0CC11D36}.Debug|Any CPU.ActiveCfg = Debug|Any CPU
		{42169033-0DDF-48C9-99F0-41DF0CC11D36}.Debug|Any CPU.Build.0 = Debug|Any CPU
		{42169033-0DDF-48C9-99F0-41DF0CC11D36}.Debug|Mac.ActiveCfg = Debug|Any CPU
		{42169033-0DDF-48C9-99F0-41DF0CC11D36}.Debug|Mac.Build.0 = Debug|Any CPU
		{42169033-0DDF-48C9-99F0-41DF0CC11D36}.Release|Any CPU.ActiveCfg = Release|Any CPU
		{42169033-0DDF-48C9-99F0-41DF0CC11D36}.Release|Any CPU.Build.0 = Release|Any CPU
		{42169033-0DDF-48C9-99F0-41DF0CC11D36}.Release|Mac.ActiveCfg = Release|Any CPU
		{42169033-0DDF-48C9-99F0-41DF0CC11D36}.Release|Mac.Build.0 = Release|Any CPU
	EndGlobalSection
EndGlobal
